
Microsoft Visual Studio Solution File, Format Version 12.00
# Visual Studio Version 17
VisualStudioVersion = 17.8.34330.188
MinimumVisualStudioVersion = 10.0.40219.1
Project("{FAE04EC0-301F-11D3-BF4B-00C04F79EFBC}") = "Ekle", "Ekle.csproj", "{F1B429B3-E38A-4578-9DBC-16D8CF46C90D}"
EndProject
Global
	GlobalSection(SolutionConfigurationPlatforms) = preSolution
		Debug|Any CPU = Debug|Any CPU
		Release|Any CPU = Release|Any CPU
	EndGlobalSection
	GlobalSection(ProjectConfigurationPlatforms) = postSolution
		{F1B429B3-E38A-4578-9DBC-16D8CF46C90D}.Debug|Any CPU.ActiveCfg = Debug|Any CPU
		{F1B429B3-E38A-4578-9DBC-16D8CF46C90D}.Debug|Any CPU.Build.0 = Debug|Any CPU
		{F1B429B3-E38A-4578-9DBC-16D8CF46C90D}.Release|Any CPU.ActiveCfg = Release|Any CPU
		{F1B429B3-E38A-4578-9DBC-16D8CF46C90D}.Release|Any CPU.Build.0 = Release|Any CPU
	EndGlobalSection
	GlobalSection(SolutionProperties) = preSolution
		HideSolutionNode = FALSE
	EndGlobalSection
	GlobalSection(ExtensibilityGlobals) = postSolution
		SolutionGuid = {D26EDAB6-813A-4F4A-9962-9E7E35AE734D}
	EndGlobalSection
EndGlobal
